
Microsoft Visual Studio Solution File, Format Version 12.00
# Visual Studio Version 17
VisualStudioVersion = 17.14.36121.58 d17.14
MinimumVisualStudioVersion = 10.0.40219.1
Project("{FAE04EC0-301F-11D3-BF4B-00C04F79EFBC}") = "Inlämning Utskrift och Inmatning", "Inlämning Utskrift och Inmatning\Inlämning Utskrift och Inmatning.csproj", "{C617662D-686D-47A2-BC51-4AEC67E3BB05}"
EndProject
Global
	GlobalSection(SolutionConfigurationPlatforms) = preSolution
		Debug|Any CPU = Debug|Any CPU
		Release|Any CPU = Release|Any CPU
	EndGlobalSection
	GlobalSection(ProjectConfigurationPlatforms) = postSolution
		{C617662D-686D-47A2-BC51-4AEC67E3BB05}.Debug|Any CPU.ActiveCfg = Debug|Any CPU
		{C617662D-686D-47A2-BC51-4AEC67E3BB05}.Debug|Any CPU.Build.0 = Debug|Any CPU
		{C617662D-686D-47A2-BC51-4AEC67E3BB05}.Release|Any CPU.ActiveCfg = Release|Any CPU
		{C617662D-686D-47A2-BC51-4AEC67E3BB05}.Release|Any CPU.Build.0 = Release|Any CPU
	EndGlobalSection
	GlobalSection(SolutionProperties) = preSolution
		HideSolutionNode = FALSE
	EndGlobalSection
	GlobalSection(ExtensibilityGlobals) = postSolution
		SolutionGuid = {25576E56-FBE3-4CE0-8915-22522F47406F}
	EndGlobalSection
EndGlobal
